
Microsoft Visual Studio Solution File, Format Version 12.00
# Visual Studio Version 17
VisualStudioVersion = 17.3.32901.215
MinimumVisualStudioVersion = 10.0.40219.1
Project("{FAE04EC0-301F-11D3-BF4B-00C04F79EFBC}") = "Combination", "Combination.csproj", "{FF0CE284-47D4-4766-A79B-B3DA94D0D604}"
EndProject
Global
	GlobalSection(SolutionConfigurationPlatforms) = preSolution
		Debug|Any CPU = Debug|Any CPU
		Release|Any CPU = Release|Any CPU
	EndGlobalSection
	GlobalSection(ProjectConfigurationPlatforms) = postSolution
		{FF0CE284-47D4-4766-A79B-B3DA94D0D604}.Debug|Any CPU.ActiveCfg = Debug|Any CPU
		{FF0CE284-47D4-4766-A79B-B3DA94D0D604}.Debug|Any CPU.Build.0 = Debug|Any CPU
		{FF0CE284-47D4-4766-A79B-B3DA94D0D604}.Release|Any CPU.ActiveCfg = Release|Any CPU
		{FF0CE284-47D4-4766-A79B-B3DA94D0D604}.Release|Any CPU.Build.0 = Release|Any CPU
	EndGlobalSection
	GlobalSection(SolutionProperties) = preSolution
		HideSolutionNode = FALSE
	EndGlobalSection
	GlobalSection(ExtensibilityGlobals) = postSolution
		SolutionGuid = {67385A58-D0F6-43D0-8AE9-75BA1DDF35B2}
	EndGlobalSection
EndGlobal
